{
  "version": 4,
  "terraform_version": "1.4.3",
  "serial": 54,
  "lineage": "a1b4c02f-817f-87ad-f088-c9d856be9aeb",
  "outputs": {},
  "resources": [
    {
      "module": "module.documentdb",
      "mode": "data",
      "type": "aws_secretsmanager_secret",
      "name": "docdb_env_secrets",
      "provider": "provider[\"registry.terraform.io/hashicorp/aws\"]",
      "instances": [
        {
          "schema_version": 0,
          "attributes": {
            "arn": "arn:aws:secretsmanager:eu-central-1:030795981198:secret:smartfind-docdb-configure-dev-yn1Gl9",
            "description": "",
            "id": "arn:aws:secretsmanager:eu-central-1:030795981198:secret:smartfind-docdb-configure-dev-yn1Gl9",
            "kms_key_id": "",
            "name": "smartfind-docdb-configure-dev",
            "policy": "",
            "rotation_enabled": false,
            "rotation_lambda_arn": "",
            "rotation_rules": [],
            "tags": {}
          },
          "sensitive_attributes": []
        }
      ]
    },
    {
      "module": "module.documentdb",
      "mode": "data",
      "type": "aws_secretsmanager_secret_version",
      "name": "docdb_current_secrets",
      "provider": "provider[\"registry.terraform.io/hashicorp/aws\"]",
      "instances": [
        {
          "schema_version": 0,
          "attributes": {
            "arn": "arn:aws:secretsmanager:eu-central-1:030795981198:secret:smartfind-docdb-configure-dev-yn1Gl9",
            "id": "arn:aws:secretsmanager:eu-central-1:030795981198:secret:smartfind-docdb-configure-dev-yn1Gl9|AWSCURRENT",
            "secret_binary": "",
            "secret_id": "arn:aws:secretsmanager:eu-central-1:030795981198:secret:smartfind-docdb-configure-dev-yn1Gl9",
            "secret_string": "{\"password\":\"adminadmin\",\"username\":\"master\"}",
            "version_id": "8BE8BE98-A960-4F0D-BBB8-0758CD8F4E74",
            "version_stage": "AWSCURRENT",
            "version_stages": [
              "AWSCURRENT"
            ]
          },
          "sensitive_attributes": []
        }
      ]
    },
    {
      "module": "module.documentdb",
      "mode": "managed",
      "type": "aws_db_subnet_group",
      "name": "docdb_subnet_group",
      "provider": "provider[\"registry.terraform.io/hashicorp/aws\"]",
      "instances": [
        {
          "schema_version": 0,
          "attributes": {
            "arn": "arn:aws:rds:eu-central-1:030795981198:subgrp:smartfind-vpc-rds-subnet-dev",
            "description": "Managed by Terraform",
            "id": "smartfind-vpc-rds-subnet-dev",
            "name": "smartfind-vpc-rds-subnet-dev",
            "name_prefix": "",
            "subnet_ids": [
              "subnet-0352521917e8bc521",
              "subnet-0c5d12eead1f8040f"
            ],
            "supported_network_types": [
              "IPV4"
            ],
            "tags": {
              "Name": "documentDB smartfind subnet group"
            },
            "tags_all": {
              "Name": "documentDB smartfind subnet group"
            }
          },
          "sensitive_attributes": [],
          "private": "bnVsbA==",
          "dependencies": [
            "module.vpc.aws_subnet.vpc_public_subnets"
          ]
        }
      ]
    },
    {
      "module": "module.documentdb",
      "mode": "managed",
      "type": "aws_docdb_cluster",
      "name": "smartfind_docdb_cluster",
      "provider": "provider[\"registry.terraform.io/hashicorp/aws\"]",
      "instances": [
        {
          "schema_version": 0,
          "attributes": {
            "apply_immediately": null,
            "arn": "arn:aws:rds:eu-central-1:030795981198:cluster:smartfind-docdb-cluster-dev",
            "availability_zones": [
              "eu-central-1a",
              "eu-central-1b",
              "eu-central-1c"
            ],
            "backup_retention_period": 1,
            "cluster_identifier": "smartfind-docdb-cluster-dev",
            "cluster_identifier_prefix": null,
            "cluster_members": [],
            "cluster_resource_id": "cluster-EJTKYZFJ3T5BBRNTBAYPIA2YQ4",
            "db_cluster_parameter_group_name": "default.docdb4.0",
            "db_subnet_group_name": "smartfind-vpc-rds-subnet-dev",
            "deletion_protection": false,
            "enabled_cloudwatch_logs_exports": null,
            "endpoint": "smartfind-docdb-cluster-dev.cluster-ctec3zpgjx5u.eu-central-1.docdb.amazonaws.com",
            "engine": "docdb",
            "engine_version": "4.0.0",
            "final_snapshot_identifier": null,
            "global_cluster_identifier": "",
            "hosted_zone_id": "Z1ZKU8ZZR6T7FW",
            "id": "smartfind-docdb-cluster-dev",
            "kms_key_id": "arn:aws:kms:eu-central-1:030795981198:key/553e4bd3-4dc8-423d-98a9-8799ef4d0673",
            "master_password": "adminadmin",
            "master_username": "master",
            "port": 27017,
            "preferred_backup_window": "21:04-21:34",
            "preferred_maintenance_window": "sun:03:36-sun:04:06",
            "reader_endpoint": "smartfind-docdb-cluster-dev.cluster-ro-ctec3zpgjx5u.eu-central-1.docdb.amazonaws.com",
            "skip_final_snapshot": true,
            "snapshot_identifier": null,
            "storage_encrypted": true,
            "tags": null,
            "tags_all": {},
            "timeouts": null,
            "vpc_security_group_ids": [
              "sg-0fe4abc93ba812bdb"
            ]
          },
          "sensitive_attributes": [
            [
              {
                "type": "get_attr",
                "value": "master_username"
              }
            ],
            [
              {
                "type": "get_attr",
                "value": "master_password"
              }
            ]
          ],
          "private": "eyJlMmJmYjczMC1lY2FhLTExZTYtOGY4OC0zNDM2M2JjN2M0YzAiOnsiY3JlYXRlIjo3MjAwMDAwMDAwMDAwLCJkZWxldGUiOjcyMDAwMDAwMDAwMDAsInVwZGF0ZSI6NzIwMDAwMDAwMDAwMH19",
          "dependencies": [
            "module.documentdb.aws_db_subnet_group.docdb_subnet_group",
            "module.documentdb.aws_kms_key.docdb_key",
            "module.documentdb.aws_secretsmanager_secret.docdb_secrets_manager",
            "module.documentdb.data.aws_secretsmanager_secret.docdb_env_secrets",
            "module.documentdb.data.aws_secretsmanager_secret_version.docdb_current_secrets",
            "module.vpc.aws_security_group.docdb_security_group",
            "module.vpc.aws_subnet.vpc_public_subnets"
          ]
        }
      ]
    },
    {
      "module": "module.documentdb",
      "mode": "managed",
      "type": "aws_docdb_cluster_instance",
      "name": "smartfind_docdb_instance",
      "provider": "provider[\"registry.terraform.io/hashicorp/aws\"]",
      "instances": [
        {
          "schema_version": 0,
          "attributes": {
            "apply_immediately": null,
            "arn": "arn:aws:rds:eu-central-1:030795981198:db:smartfind-docdb-instance-dev",
            "auto_minor_version_upgrade": true,
            "availability_zone": "eu-central-1a",
            "ca_cert_identifier": "rds-ca-2019",
            "cluster_identifier": "smartfind-docdb-cluster-dev",
            "db_subnet_group_name": "smartfind-vpc-rds-subnet-dev",
            "dbi_resource_id": "db-NCB5HK4PIJSCD4ACCCJDGID3LU",
            "enable_performance_insights": null,
            "endpoint": "smartfind-docdb-instance-dev.ctec3zpgjx5u.eu-central-1.docdb.amazonaws.com",
            "engine": "docdb",
            "engine_version": "4.0.0",
            "id": "smartfind-docdb-instance-dev",
            "identifier": "smartfind-docdb-instance-dev",
            "identifier_prefix": null,
            "instance_class": "db.t3.medium",
            "kms_key_id": "arn:aws:kms:eu-central-1:030795981198:key/553e4bd3-4dc8-423d-98a9-8799ef4d0673",
            "performance_insights_kms_key_id": null,
            "port": 27017,
            "preferred_backup_window": "21:04-21:34",
            "preferred_maintenance_window": "sun:01:17-sun:01:47",
            "promotion_tier": 0,
            "publicly_accessible": false,
            "storage_encrypted": true,
            "tags": null,
            "tags_all": {},
            "timeouts": null,
            "writer": true
          },
          "sensitive_attributes": [],
          "private": "eyJlMmJmYjczMC1lY2FhLTExZTYtOGY4OC0zNDM2M2JjN2M0YzAiOnsiY3JlYXRlIjo1NDAwMDAwMDAwMDAwLCJkZWxldGUiOjU0MDAwMDAwMDAwMDAsInVwZGF0ZSI6NTQwMDAwMDAwMDAwMH19",
          "dependencies": [
            "module.documentdb.aws_db_subnet_group.docdb_subnet_group",
            "module.documentdb.aws_docdb_cluster.smartfind_docdb_cluster",
            "module.documentdb.aws_kms_key.docdb_key",
            "module.documentdb.aws_secretsmanager_secret.docdb_secrets_manager",
            "module.documentdb.data.aws_secretsmanager_secret.docdb_env_secrets",
            "module.documentdb.data.aws_secretsmanager_secret_version.docdb_current_secrets",
            "module.vpc.aws_security_group.docdb_security_group",
            "module.vpc.aws_subnet.vpc_public_subnets"
          ]
        }
      ]
    },
    {
      "module": "module.documentdb",
      "mode": "managed",
      "type": "aws_kms_key",
      "name": "docdb_key",
      "provider": "provider[\"registry.terraform.io/hashicorp/aws\"]",
      "instances": [
        {
          "schema_version": 0,
          "attributes": {
            "arn": "arn:aws:kms:eu-central-1:030795981198:key/553e4bd3-4dc8-423d-98a9-8799ef4d0673",
            "bypass_policy_lockout_safety_check": false,
            "custom_key_store_id": "",
            "customer_master_key_spec": "SYMMETRIC_DEFAULT",
            "deletion_window_in_days": 30,
            "description": "smartfind documentDB key",
            "enable_key_rotation": false,
            "id": "553e4bd3-4dc8-423d-98a9-8799ef4d0673",
            "is_enabled": true,
            "key_id": "553e4bd3-4dc8-423d-98a9-8799ef4d0673",
            "key_usage": "ENCRYPT_DECRYPT",
            "multi_region": false,
            "policy": "{\"Id\":\"key-default-1\",\"Statement\":[{\"Action\":\"kms:*\",\"Effect\":\"Allow\",\"Principal\":{\"AWS\":\"arn:aws:iam::030795981198:root\"},\"Resource\":\"*\",\"Sid\":\"Enable IAM User Permissions\"}],\"Version\":\"2012-10-17\"}",
            "tags": null,
            "tags_all": {}
          },
          "sensitive_attributes": [],
          "private": "bnVsbA=="
        }
      ]
    },
    {
      "module": "module.documentdb",
      "mode": "managed",
      "type": "aws_secretsmanager_secret",
      "name": "docdb_secrets_manager",
      "provider": "provider[\"registry.terraform.io/hashicorp/aws\"]",
      "instances": [
        {
          "schema_version": 0,
          "attributes": {
            "arn": "arn:aws:secretsmanager:eu-central-1:030795981198:secret:smartfind-docdb-configure-dev-yn1Gl9",
            "description": "",
            "force_overwrite_replica_secret": false,
            "id": "arn:aws:secretsmanager:eu-central-1:030795981198:secret:smartfind-docdb-configure-dev-yn1Gl9",
            "kms_key_id": "",
            "name": "smartfind-docdb-configure-dev",
            "name_prefix": "",
            "policy": "",
            "recovery_window_in_days": 30,
            "replica": [],
            "rotation_enabled": false,
            "rotation_lambda_arn": "",
            "rotation_rules": [],
            "tags": null,
            "tags_all": {}
          },
          "sensitive_attributes": [],
          "private": "bnVsbA=="
        }
      ]
    },
    {
      "module": "module.documentdb",
      "mode": "managed",
      "type": "aws_secretsmanager_secret_version",
      "name": "docdb_sv",
      "provider": "provider[\"registry.terraform.io/hashicorp/aws\"]",
      "instances": [
        {
          "schema_version": 0,
          "attributes": {
            "arn": "arn:aws:secretsmanager:eu-central-1:030795981198:secret:smartfind-docdb-configure-dev-yn1Gl9",
            "id": "arn:aws:secretsmanager:eu-central-1:030795981198:secret:smartfind-docdb-configure-dev-yn1Gl9|8BE8BE98-A960-4F0D-BBB8-0758CD8F4E74",
            "secret_binary": "",
            "secret_id": "arn:aws:secretsmanager:eu-central-1:030795981198:secret:smartfind-docdb-configure-dev-yn1Gl9",
            "secret_string": "{\"password\":\"adminadmin\",\"username\":\"master\"}",
            "version_id": "8BE8BE98-A960-4F0D-BBB8-0758CD8F4E74",
            "version_stages": [
              "AWSCURRENT"
            ]
          },
          "sensitive_attributes": [],
          "private": "bnVsbA==",
          "dependencies": [
            "module.documentdb.aws_secretsmanager_secret.docdb_secrets_manager"
          ]
        }
      ]
    },
    {
      "module": "module.vpc",
      "mode": "managed",
      "type": "aws_eip",
      "name": "nat_eips",
      "provider": "provider[\"registry.terraform.io/hashicorp/aws\"]",
      "instances": [
        {
          "index_key": 0,
          "schema_version": 0,
          "attributes": {
            "address": null,
            "allocation_id": "eipalloc-0978ea9db126e6af3",
            "associate_with_private_ip": null,
            "association_id": "eipassoc-0735f4afa51046754",
            "carrier_ip": "",
            "customer_owned_ip": "",
            "customer_owned_ipv4_pool": "",
            "domain": "vpc",
            "id": "eipalloc-0978ea9db126e6af3",
            "instance": "",
            "network_border_group": "eu-central-1",
            "network_interface": "eni-0d2129d1394e3530a",
            "private_dns": "ip-10-0-1-215.eu-central-1.compute.internal",
            "private_ip": "10.0.1.215",
            "public_dns": "ec2-3-124-225-245.eu-central-1.compute.amazonaws.com",
            "public_ip": "3.124.225.245",
            "public_ipv4_pool": "amazon",
            "tags": {
              "Name": "smartfind nat gateway 1"
            },
            "tags_all": {
              "Name": "smartfind nat gateway 1"
            },
            "timeouts": null,
            "vpc": true
          },
          "sensitive_attributes": [],
          "private": "eyJlMmJmYjczMC1lY2FhLTExZTYtOGY4OC0zNDM2M2JjN2M0YzAiOnsiZGVsZXRlIjoxODAwMDAwMDAwMDAsInJlYWQiOjkwMDAwMDAwMDAwMCwidXBkYXRlIjozMDAwMDAwMDAwMDB9fQ==",
          "dependencies": [
            "module.vpc.aws_internet_gateway.igw",
            "module.vpc.aws_vpc.vpc"
          ]
        },
        {
          "index_key": 1,
          "schema_version": 0,
          "attributes": {
            "address": null,
            "allocation_id": "eipalloc-0a6f452d0818d9111",
            "associate_with_private_ip": null,
            "association_id": "eipassoc-06343732571508e70",
            "carrier_ip": "",
            "customer_owned_ip": "",
            "customer_owned_ipv4_pool": "",
            "domain": "vpc",
            "id": "eipalloc-0a6f452d0818d9111",
            "instance": "",
            "network_border_group": "eu-central-1",
            "network_interface": "eni-0216c834acf090cd5",
            "private_dns": "ip-10-0-2-68.eu-central-1.compute.internal",
            "private_ip": "10.0.2.68",
            "public_dns": "ec2-3-65-105-51.eu-central-1.compute.amazonaws.com",
            "public_ip": "3.65.105.51",
            "public_ipv4_pool": "amazon",
            "tags": {
              "Name": "smartfind nat gateway 2"
            },
            "tags_all": {
              "Name": "smartfind nat gateway 2"
            },
            "timeouts": null,
            "vpc": true
          },
          "sensitive_attributes": [],
          "private": "eyJlMmJmYjczMC1lY2FhLTExZTYtOGY4OC0zNDM2M2JjN2M0YzAiOnsiZGVsZXRlIjoxODAwMDAwMDAwMDAsInJlYWQiOjkwMDAwMDAwMDAwMCwidXBkYXRlIjozMDAwMDAwMDAwMDB9fQ==",
          "dependencies": [
            "module.vpc.aws_internet_gateway.igw",
            "module.vpc.aws_vpc.vpc"
          ]
        }
      ]
    },
    {
      "module": "module.vpc",
      "mode": "managed",
      "type": "aws_internet_gateway",
      "name": "igw",
      "provider": "provider[\"registry.terraform.io/hashicorp/aws\"]",
      "instances": [
        {
          "schema_version": 0,
          "attributes": {
            "arn": "arn:aws:ec2:eu-central-1:030795981198:internet-gateway/igw-07bcec7ee1576a87d",
            "id": "igw-07bcec7ee1576a87d",
            "owner_id": "030795981198",
            "tags": {
              "Name": "smartfind-vpc-igw"
            },
            "tags_all": {
              "Name": "smartfind-vpc-igw"
            },
            "timeouts": null,
            "vpc_id": "vpc-016e444edfc1639ad"
          },
          "sensitive_attributes": [],
          "private": "eyJlMmJmYjczMC1lY2FhLTExZTYtOGY4OC0zNDM2M2JjN2M0YzAiOnsiY3JlYXRlIjoxMjAwMDAwMDAwMDAwLCJkZWxldGUiOjEyMDAwMDAwMDAwMDAsInVwZGF0ZSI6MTIwMDAwMDAwMDAwMH19",
          "dependencies": [
            "module.vpc.aws_vpc.vpc"
          ]
        }
      ]
    },
    {
      "module": "module.vpc",
      "mode": "managed",
      "type": "aws_nat_gateway",
      "name": "nat_gateways",
      "provider": "provider[\"registry.terraform.io/hashicorp/aws\"]",
      "instances": [
        {
          "index_key": 0,
          "schema_version": 0,
          "attributes": {
            "allocation_id": "eipalloc-0978ea9db126e6af3",
            "connectivity_type": "public",
            "id": "nat-077fc28257a622e95",
            "network_interface_id": "eni-0d2129d1394e3530a",
            "private_ip": "10.0.1.215",
            "public_ip": "3.124.225.245",
            "subnet_id": "subnet-0c5d12eead1f8040f",
            "tags": {
              "Name": "smartfind gateway - 1"
            },
            "tags_all": {
              "Name": "smartfind gateway - 1"
            }
          },
          "sensitive_attributes": [],
          "private": "bnVsbA==",
          "dependencies": [
            "module.vpc.aws_eip.nat_eips",
            "module.vpc.aws_internet_gateway.igw",
            "module.vpc.aws_subnet.vpc_public_subnets",
            "module.vpc.aws_vpc.vpc"
          ]
        },
        {
          "index_key": 1,
          "schema_version": 0,
          "attributes": {
            "allocation_id": "eipalloc-0a6f452d0818d9111",
            "connectivity_type": "public",
            "id": "nat-0eda2f959d8002fc7",
            "network_interface_id": "eni-0216c834acf090cd5",
            "private_ip": "10.0.2.68",
            "public_ip": "3.65.105.51",
            "subnet_id": "subnet-0352521917e8bc521",
            "tags": {
              "Name": "smartfind gateway - 2"
            },
            "tags_all": {
              "Name": "smartfind gateway - 2"
            }
          },
          "sensitive_attributes": [],
          "private": "bnVsbA==",
          "dependencies": [
            "module.vpc.aws_eip.nat_eips",
            "module.vpc.aws_internet_gateway.igw",
            "module.vpc.aws_subnet.vpc_public_subnets",
            "module.vpc.aws_vpc.vpc"
          ]
        }
      ]
    },
    {
      "module": "module.vpc",
      "mode": "managed",
      "type": "aws_route_table",
      "name": "private_route_tables",
      "provider": "provider[\"registry.terraform.io/hashicorp/aws\"]",
      "instances": [
        {
          "index_key": 0,
          "schema_version": 0,
          "attributes": {
            "arn": "arn:aws:ec2:eu-central-1:030795981198:route-table/rtb-0a74a0af31b94bce0",
            "id": "rtb-0a74a0af31b94bce0",
            "owner_id": "030795981198",
            "propagating_vgws": [],
            "route": [
              {
                "carrier_gateway_id": "",
                "cidr_block": "0.0.0.0/0",
                "core_network_arn": "",
                "destination_prefix_list_id": "",
                "egress_only_gateway_id": "",
                "gateway_id": "",
                "instance_id": "",
                "ipv6_cidr_block": "",
                "local_gateway_id": "",
                "nat_gateway_id": "nat-077fc28257a622e95",
                "network_interface_id": "",
                "transit_gateway_id": "",
                "vpc_endpoint_id": "",
                "vpc_peering_connection_id": ""
              }
            ],
            "tags": {
              "Name": "smartfind private route table 1"
            },
            "tags_all": {
              "Name": "smartfind private route table 1"
            },
            "timeouts": null,
            "vpc_id": "vpc-016e444edfc1639ad"
          },
          "sensitive_attributes": [],
          "private": "eyJlMmJmYjczMC1lY2FhLTExZTYtOGY4OC0zNDM2M2JjN2M0YzAiOnsiY3JlYXRlIjozMDAwMDAwMDAwMDAsImRlbGV0ZSI6MzAwMDAwMDAwMDAwLCJ1cGRhdGUiOjEyMDAwMDAwMDAwMH19",
          "dependencies": [
            "module.vpc.aws_eip.nat_eips",
            "module.vpc.aws_internet_gateway.igw",
            "module.vpc.aws_nat_gateway.nat_gateways",
            "module.vpc.aws_subnet.vpc_public_subnets",
            "module.vpc.aws_vpc.vpc"
          ]
        },
        {
          "index_key": 1,
          "schema_version": 0,
          "attributes": {
            "arn": "arn:aws:ec2:eu-central-1:030795981198:route-table/rtb-0f45c4925ef7247ac",
            "id": "rtb-0f45c4925ef7247ac",
            "owner_id": "030795981198",
            "propagating_vgws": [],
            "route": [
              {
                "carrier_gateway_id": "",
                "cidr_block": "0.0.0.0/0",
                "core_network_arn": "",
                "destination_prefix_list_id": "",
                "egress_only_gateway_id": "",
                "gateway_id": "",
                "instance_id": "",
                "ipv6_cidr_block": "",
                "local_gateway_id": "",
                "nat_gateway_id": "nat-0eda2f959d8002fc7",
                "network_interface_id": "",
                "transit_gateway_id": "",
                "vpc_endpoint_id": "",
                "vpc_peering_connection_id": ""
              }
            ],
            "tags": {
              "Name": "smartfind private route table 2"
            },
            "tags_all": {
              "Name": "smartfind private route table 2"
            },
            "timeouts": null,
            "vpc_id": "vpc-016e444edfc1639ad"
          },
          "sensitive_attributes": [],
          "private": "eyJlMmJmYjczMC1lY2FhLTExZTYtOGY4OC0zNDM2M2JjN2M0YzAiOnsiY3JlYXRlIjozMDAwMDAwMDAwMDAsImRlbGV0ZSI6MzAwMDAwMDAwMDAwLCJ1cGRhdGUiOjEyMDAwMDAwMDAwMH19",
          "dependencies": [
            "module.vpc.aws_eip.nat_eips",
            "module.vpc.aws_internet_gateway.igw",
            "module.vpc.aws_nat_gateway.nat_gateways",
            "module.vpc.aws_subnet.vpc_public_subnets",
            "module.vpc.aws_vpc.vpc"
          ]
        }
      ]
    },
    {
      "module": "module.vpc",
      "mode": "managed",
      "type": "aws_route_table",
      "name": "public_route_table",
      "provider": "provider[\"registry.terraform.io/hashicorp/aws\"]",
      "instances": [
        {
          "schema_version": 0,
          "attributes": {
            "arn": "arn:aws:ec2:eu-central-1:030795981198:route-table/rtb-083f0a68c3ce9f4bc",
            "id": "rtb-083f0a68c3ce9f4bc",
            "owner_id": "030795981198",
            "propagating_vgws": [],
            "route": [
              {
                "carrier_gateway_id": "",
                "cidr_block": "0.0.0.0/0",
                "core_network_arn": "",
                "destination_prefix_list_id": "",
                "egress_only_gateway_id": "",
                "gateway_id": "igw-07bcec7ee1576a87d",
                "instance_id": "",
                "ipv6_cidr_block": "",
                "local_gateway_id": "",
                "nat_gateway_id": "",
                "network_interface_id": "",
                "transit_gateway_id": "",
                "vpc_endpoint_id": "",
                "vpc_peering_connection_id": ""
              }
            ],
            "tags": {
              "Name": "smartfind public route table"
            },
            "tags_all": {
              "Name": "smartfind public route table"
            },
            "timeouts": null,
            "vpc_id": "vpc-016e444edfc1639ad"
          },
          "sensitive_attributes": [],
          "private": "eyJlMmJmYjczMC1lY2FhLTExZTYtOGY4OC0zNDM2M2JjN2M0YzAiOnsiY3JlYXRlIjozMDAwMDAwMDAwMDAsImRlbGV0ZSI6MzAwMDAwMDAwMDAwLCJ1cGRhdGUiOjEyMDAwMDAwMDAwMH19",
          "dependencies": [
            "module.vpc.aws_internet_gateway.igw",
            "module.vpc.aws_vpc.vpc"
          ]
        }
      ]
    },
    {
      "module": "module.vpc",
      "mode": "managed",
      "type": "aws_route_table_association",
      "name": "private_association",
      "provider": "provider[\"registry.terraform.io/hashicorp/aws\"]",
      "instances": [
        {
          "index_key": 0,
          "schema_version": 0,
          "attributes": {
            "gateway_id": "",
            "id": "rtbassoc-0854eae566a8f7da2",
            "route_table_id": "rtb-0a74a0af31b94bce0",
            "subnet_id": "subnet-011a72b5815d70ce4"
          },
          "sensitive_attributes": [],
          "private": "bnVsbA==",
          "dependencies": [
            "module.vpc.aws_eip.nat_eips",
            "module.vpc.aws_internet_gateway.igw",
            "module.vpc.aws_nat_gateway.nat_gateways",
            "module.vpc.aws_route_table.private_route_tables",
            "module.vpc.aws_subnet.vpc_private_subnets",
            "module.vpc.aws_subnet.vpc_public_subnets",
            "module.vpc.aws_vpc.vpc"
          ]
        },
        {
          "index_key": 1,
          "schema_version": 0,
          "attributes": {
            "gateway_id": "",
            "id": "rtbassoc-079ba0dd6a7225eb9",
            "route_table_id": "rtb-0f45c4925ef7247ac",
            "subnet_id": "subnet-0521fdd665d2d3218"
          },
          "sensitive_attributes": [],
          "private": "bnVsbA==",
          "dependencies": [
            "module.vpc.aws_eip.nat_eips",
            "module.vpc.aws_internet_gateway.igw",
            "module.vpc.aws_nat_gateway.nat_gateways",
            "module.vpc.aws_route_table.private_route_tables",
            "module.vpc.aws_subnet.vpc_private_subnets",
            "module.vpc.aws_subnet.vpc_public_subnets",
            "module.vpc.aws_vpc.vpc"
          ]
        }
      ]
    },
    {
      "module": "module.vpc",
      "mode": "managed",
      "type": "aws_route_table_association",
      "name": "public_association",
      "provider": "provider[\"registry.terraform.io/hashicorp/aws\"]",
      "instances": [
        {
          "index_key": 0,
          "schema_version": 0,
          "attributes": {
            "gateway_id": "",
            "id": "rtbassoc-06a0dad0bebfcc333",
            "route_table_id": "rtb-083f0a68c3ce9f4bc",
            "subnet_id": "subnet-0c5d12eead1f8040f"
          },
          "sensitive_attributes": [],
          "private": "bnVsbA==",
          "dependencies": [
            "module.vpc.aws_internet_gateway.igw",
            "module.vpc.aws_route_table.public_route_table",
            "module.vpc.aws_subnet.vpc_public_subnets",
            "module.vpc.aws_vpc.vpc"
          ]
        },
        {
          "index_key": 1,
          "schema_version": 0,
          "attributes": {
            "gateway_id": "",
            "id": "rtbassoc-04a6740b837425363",
            "route_table_id": "rtb-083f0a68c3ce9f4bc",
            "subnet_id": "subnet-0352521917e8bc521"
          },
          "sensitive_attributes": [],
          "private": "bnVsbA==",
          "dependencies": [
            "module.vpc.aws_internet_gateway.igw",
            "module.vpc.aws_route_table.public_route_table",
            "module.vpc.aws_subnet.vpc_public_subnets",
            "module.vpc.aws_vpc.vpc"
          ]
        }
      ]
    },
    {
      "module": "module.vpc",
      "mode": "managed",
      "type": "aws_security_group",
      "name": "docdb_security_group",
      "provider": "provider[\"registry.terraform.io/hashicorp/aws\"]",
      "instances": [
        {
          "schema_version": 1,
          "attributes": {
            "arn": "arn:aws:ec2:eu-central-1:030795981198:security-group/sg-0fe4abc93ba812bdb",
            "description": "DocumentDB Security Group",
            "egress": [
              {
                "cidr_blocks": [
                  "0.0.0.0/0"
                ],
                "description": "",
                "from_port": 0,
                "ipv6_cidr_blocks": [
                  "::/0"
                ],
                "prefix_list_ids": [],
                "protocol": "-1",
                "security_groups": [],
                "self": false,
                "to_port": 0
              }
            ],
            "id": "sg-0fe4abc93ba812bdb",
            "ingress": [
              {
                "cidr_blocks": [],
                "description": "",
                "from_port": 27017,
                "ipv6_cidr_blocks": [],
                "prefix_list_ids": [],
                "protocol": "tcp",
                "security_groups": [
                  "sg-0566c2d068fc87066"
                ],
                "self": false,
                "to_port": 27017
              }
            ],
            "name": "obase-docdb-sg",
            "name_prefix": "",
            "owner_id": "030795981198",
            "revoke_rules_on_delete": false,
            "tags": {},
            "tags_all": {},
            "timeouts": null,
            "vpc_id": "vpc-016e444edfc1639ad"
          },
          "sensitive_attributes": [],
          "private": "eyJlMmJmYjczMC1lY2FhLTExZTYtOGY4OC0zNDM2M2JjN2M0YzAiOnsiY3JlYXRlIjo2MDAwMDAwMDAwMDAsImRlbGV0ZSI6OTAwMDAwMDAwMDAwfSwic2NoZW1hX3ZlcnNpb24iOiIxIn0=",
          "dependencies": [
            "module.vpc.aws_security_group.jumpbox_sg",
            "module.vpc.aws_vpc.vpc"
          ]
        }
      ]
    },
    {
      "module": "module.vpc",
      "mode": "managed",
      "type": "aws_security_group",
      "name": "jumpbox_sg",
      "provider": "provider[\"registry.terraform.io/hashicorp/aws\"]",
      "instances": [
        {
          "schema_version": 1,
          "attributes": {
            "arn": "arn:aws:ec2:eu-central-1:030795981198:security-group/sg-0566c2d068fc87066",
            "description": "Jumpbox Security Group",
            "egress": [
              {
                "cidr_blocks": [
                  "0.0.0.0/0"
                ],
                "description": "",
                "from_port": 0,
                "ipv6_cidr_blocks": [
                  "::/0"
                ],
                "prefix_list_ids": [],
                "protocol": "-1",
                "security_groups": [],
                "self": false,
                "to_port": 0
              }
            ],
            "id": "sg-0566c2d068fc87066",
            "ingress": [
              {
                "cidr_blocks": [
                  "0.0.0.0/0"
                ],
                "description": "",
                "from_port": 22,
                "ipv6_cidr_blocks": [],
                "prefix_list_ids": [],
                "protocol": "tcp",
                "security_groups": [],
                "self": false,
                "to_port": 22
              }
            ],
            "name": "jumpbox_sg",
            "name_prefix": "",
            "owner_id": "030795981198",
            "revoke_rules_on_delete": false,
            "tags": {},
            "tags_all": {},
            "timeouts": null,
            "vpc_id": "vpc-016e444edfc1639ad"
          },
          "sensitive_attributes": [],
          "private": "eyJlMmJmYjczMC1lY2FhLTExZTYtOGY4OC0zNDM2M2JjN2M0YzAiOnsiY3JlYXRlIjo2MDAwMDAwMDAwMDAsImRlbGV0ZSI6OTAwMDAwMDAwMDAwfSwic2NoZW1hX3ZlcnNpb24iOiIxIn0=",
          "dependencies": [
            "module.vpc.aws_vpc.vpc"
          ]
        }
      ]
    },
    {
      "module": "module.vpc",
      "mode": "managed",
      "type": "aws_security_group",
      "name": "opensearch_security_group",
      "provider": "provider[\"registry.terraform.io/hashicorp/aws\"]",
      "instances": [
        {
          "schema_version": 1,
          "attributes": {
            "arn": "arn:aws:ec2:eu-central-1:030795981198:security-group/sg-0eee0db8e38a59c0d",
            "description": "OpenSearch Security Group",
            "egress": [
              {
                "cidr_blocks": [
                  "0.0.0.0/0"
                ],
                "description": "",
                "from_port": 0,
                "ipv6_cidr_blocks": [
                  "::/0"
                ],
                "prefix_list_ids": [],
                "protocol": "-1",
                "security_groups": [],
                "self": false,
                "to_port": 0
              }
            ],
            "id": "sg-0eee0db8e38a59c0d",
            "ingress": [
              {
                "cidr_blocks": [],
                "description": "",
                "from_port": 80,
                "ipv6_cidr_blocks": [],
                "prefix_list_ids": [],
                "protocol": "tcp",
                "security_groups": [
                  "sg-0566c2d068fc87066"
                ],
                "self": false,
                "to_port": 80
              }
            ],
            "name": "obase-opensearch-sg",
            "name_prefix": "",
            "owner_id": "030795981198",
            "revoke_rules_on_delete": false,
            "tags": {},
            "tags_all": {},
            "timeouts": null,
            "vpc_id": "vpc-016e444edfc1639ad"
          },
          "sensitive_attributes": [],
          "private": "eyJlMmJmYjczMC1lY2FhLTExZTYtOGY4OC0zNDM2M2JjN2M0YzAiOnsiY3JlYXRlIjo2MDAwMDAwMDAwMDAsImRlbGV0ZSI6OTAwMDAwMDAwMDAwfSwic2NoZW1hX3ZlcnNpb24iOiIxIn0=",
          "dependencies": [
            "module.vpc.aws_security_group.jumpbox_sg",
            "module.vpc.aws_vpc.vpc"
          ]
        }
      ]
    },
    {
      "module": "module.vpc",
      "mode": "managed",
      "type": "aws_security_group",
      "name": "rds_security_group",
      "provider": "provider[\"registry.terraform.io/hashicorp/aws\"]",
      "instances": [
        {
          "schema_version": 1,
          "attributes": {
            "arn": "arn:aws:ec2:eu-central-1:030795981198:security-group/sg-0d98601ca75d07c31",
            "description": "RDS Security Group",
            "egress": [
              {
                "cidr_blocks": [
                  "0.0.0.0/0"
                ],
                "description": "",
                "from_port": 0,
                "ipv6_cidr_blocks": [
                  "::/0"
                ],
                "prefix_list_ids": [],
                "protocol": "-1",
                "security_groups": [],
                "self": false,
                "to_port": 0
              }
            ],
            "id": "sg-0d98601ca75d07c31",
            "ingress": [
              {
                "cidr_blocks": [],
                "description": "",
                "from_port": 5432,
                "ipv6_cidr_blocks": [],
                "prefix_list_ids": [],
                "protocol": "tcp",
                "security_groups": [
                  "sg-0566c2d068fc87066"
                ],
                "self": false,
                "to_port": 5432
              }
            ],
            "name": "obase-rds-sg",
            "name_prefix": "",
            "owner_id": "030795981198",
            "revoke_rules_on_delete": false,
            "tags": {},
            "tags_all": {},
            "timeouts": null,
            "vpc_id": "vpc-016e444edfc1639ad"
          },
          "sensitive_attributes": [],
          "private": "eyJlMmJmYjczMC1lY2FhLTExZTYtOGY4OC0zNDM2M2JjN2M0YzAiOnsiY3JlYXRlIjo2MDAwMDAwMDAwMDAsImRlbGV0ZSI6OTAwMDAwMDAwMDAwfSwic2NoZW1hX3ZlcnNpb24iOiIxIn0=",
          "dependencies": [
            "module.vpc.aws_security_group.jumpbox_sg",
            "module.vpc.aws_vpc.vpc"
          ]
        }
      ]
    },
    {
      "module": "module.vpc",
      "mode": "managed",
      "type": "aws_subnet",
      "name": "vpc_private_subnets",
      "provider": "provider[\"registry.terraform.io/hashicorp/aws\"]",
      "instances": [
        {
          "index_key": 0,
          "schema_version": 1,
          "attributes": {
            "arn": "arn:aws:ec2:eu-central-1:030795981198:subnet/subnet-011a72b5815d70ce4",
            "assign_ipv6_address_on_creation": false,
            "availability_zone": "eu-central-1a",
            "availability_zone_id": "euc1-az2",
            "cidr_block": "10.0.4.0/24",
            "customer_owned_ipv4_pool": "",
            "enable_dns64": false,
            "enable_resource_name_dns_a_record_on_launch": false,
            "enable_resource_name_dns_aaaa_record_on_launch": false,
            "id": "subnet-011a72b5815d70ce4",
            "ipv6_cidr_block": "",
            "ipv6_cidr_block_association_id": "",
            "ipv6_native": false,
            "map_customer_owned_ip_on_launch": false,
            "map_public_ip_on_launch": false,
            "outpost_arn": "",
            "owner_id": "030795981198",
            "private_dns_hostname_type_on_launch": "ip-name",
            "tags": {
              "Name": "smartfind-private-subnet-1",
              "kubernetes.io/cluster/smartfind-eks-dev": "shared",
              "kubernetes.io/role/internal-elb": "1"
            },
            "tags_all": {
              "Name": "smartfind-private-subnet-1",
              "kubernetes.io/cluster/smartfind-eks-dev": "shared",
              "kubernetes.io/role/internal-elb": "1"
            },
            "timeouts": null,
            "vpc_id": "vpc-016e444edfc1639ad"
          },
          "sensitive_attributes": [],
          "private": "eyJlMmJmYjczMC1lY2FhLTExZTYtOGY4OC0zNDM2M2JjN2M0YzAiOnsiY3JlYXRlIjo2MDAwMDAwMDAwMDAsImRlbGV0ZSI6MTIwMDAwMDAwMDAwMH0sInNjaGVtYV92ZXJzaW9uIjoiMSJ9",
          "dependencies": [
            "module.vpc.aws_vpc.vpc"
          ]
        },
        {
          "index_key": 1,
          "schema_version": 1,
          "attributes": {
            "arn": "arn:aws:ec2:eu-central-1:030795981198:subnet/subnet-0521fdd665d2d3218",
            "assign_ipv6_address_on_creation": false,
            "availability_zone": "eu-central-1b",
            "availability_zone_id": "euc1-az3",
            "cidr_block": "10.0.5.0/24",
            "customer_owned_ipv4_pool": "",
            "enable_dns64": false,
            "enable_resource_name_dns_a_record_on_launch": false,
            "enable_resource_name_dns_aaaa_record_on_launch": false,
            "id": "subnet-0521fdd665d2d3218",
            "ipv6_cidr_block": "",
            "ipv6_cidr_block_association_id": "",
            "ipv6_native": false,
            "map_customer_owned_ip_on_launch": false,
            "map_public_ip_on_launch": false,
            "outpost_arn": "",
            "owner_id": "030795981198",
            "private_dns_hostname_type_on_launch": "ip-name",
            "tags": {
              "Name": "smartfind-private-subnet-2",
              "kubernetes.io/cluster/smartfind-eks-dev": "shared",
              "kubernetes.io/role/internal-elb": "1"
            },
            "tags_all": {
              "Name": "smartfind-private-subnet-2",
              "kubernetes.io/cluster/smartfind-eks-dev": "shared",
              "kubernetes.io/role/internal-elb": "1"
            },
            "timeouts": null,
            "vpc_id": "vpc-016e444edfc1639ad"
          },
          "sensitive_attributes": [],
          "private": "eyJlMmJmYjczMC1lY2FhLTExZTYtOGY4OC0zNDM2M2JjN2M0YzAiOnsiY3JlYXRlIjo2MDAwMDAwMDAwMDAsImRlbGV0ZSI6MTIwMDAwMDAwMDAwMH0sInNjaGVtYV92ZXJzaW9uIjoiMSJ9",
          "dependencies": [
            "module.vpc.aws_vpc.vpc"
          ]
        }
      ]
    },
    {
      "module": "module.vpc",
      "mode": "managed",
      "type": "aws_subnet",
      "name": "vpc_public_subnets",
      "provider": "provider[\"registry.terraform.io/hashicorp/aws\"]",
      "instances": [
        {
          "index_key": 0,
          "schema_version": 1,
          "attributes": {
            "arn": "arn:aws:ec2:eu-central-1:030795981198:subnet/subnet-0c5d12eead1f8040f",
            "assign_ipv6_address_on_creation": false,
            "availability_zone": "eu-central-1a",
            "availability_zone_id": "euc1-az2",
            "cidr_block": "10.0.1.0/24",
            "customer_owned_ipv4_pool": "",
            "enable_dns64": false,
            "enable_resource_name_dns_a_record_on_launch": false,
            "enable_resource_name_dns_aaaa_record_on_launch": false,
            "id": "subnet-0c5d12eead1f8040f",
            "ipv6_cidr_block": "",
            "ipv6_cidr_block_association_id": "",
            "ipv6_native": false,
            "map_customer_owned_ip_on_launch": false,
            "map_public_ip_on_launch": true,
            "outpost_arn": "",
            "owner_id": "030795981198",
            "private_dns_hostname_type_on_launch": "ip-name",
            "tags": {
              "Name": "smartfind-public-subnet-1",
              "kubernetes.io/cluster/smartfind-eks-dev": "shared",
              "kubernetes.io/role/alb-ingress": "1",
              "kubernetes.io/role/elb": "1",
              "kubernetes.io/role/internal-elb": "1"
            },
            "tags_all": {
              "Name": "smartfind-public-subnet-1",
              "kubernetes.io/cluster/smartfind-eks-dev": "shared",
              "kubernetes.io/role/alb-ingress": "1",
              "kubernetes.io/role/elb": "1",
              "kubernetes.io/role/internal-elb": "1"
            },
            "timeouts": null,
            "vpc_id": "vpc-016e444edfc1639ad"
          },
          "sensitive_attributes": [],
          "private": "eyJlMmJmYjczMC1lY2FhLTExZTYtOGY4OC0zNDM2M2JjN2M0YzAiOnsiY3JlYXRlIjo2MDAwMDAwMDAwMDAsImRlbGV0ZSI6MTIwMDAwMDAwMDAwMH0sInNjaGVtYV92ZXJzaW9uIjoiMSJ9",
          "dependencies": [
            "module.vpc.aws_vpc.vpc"
          ]
        },
        {
          "index_key": 1,
          "schema_version": 1,
          "attributes": {
            "arn": "arn:aws:ec2:eu-central-1:030795981198:subnet/subnet-0352521917e8bc521",
            "assign_ipv6_address_on_creation": false,
            "availability_zone": "eu-central-1b",
            "availability_zone_id": "euc1-az3",
            "cidr_block": "10.0.2.0/24",
            "customer_owned_ipv4_pool": "",
            "enable_dns64": false,
            "enable_resource_name_dns_a_record_on_launch": false,
            "enable_resource_name_dns_aaaa_record_on_launch": false,
            "id": "subnet-0352521917e8bc521",
            "ipv6_cidr_block": "",
            "ipv6_cidr_block_association_id": "",
            "ipv6_native": false,
            "map_customer_owned_ip_on_launch": false,
            "map_public_ip_on_launch": true,
            "outpost_arn": "",
            "owner_id": "030795981198",
            "private_dns_hostname_type_on_launch": "ip-name",
            "tags": {
              "Name": "smartfind-public-subnet-2",
              "kubernetes.io/cluster/smartfind-eks-dev": "shared",
              "kubernetes.io/role/alb-ingress": "1",
              "kubernetes.io/role/elb": "1",
              "kubernetes.io/role/internal-elb": "1"
            },
            "tags_all": {
              "Name": "smartfind-public-subnet-2",
              "kubernetes.io/cluster/smartfind-eks-dev": "shared",
              "kubernetes.io/role/alb-ingress": "1",
              "kubernetes.io/role/elb": "1",
              "kubernetes.io/role/internal-elb": "1"
            },
            "timeouts": null,
            "vpc_id": "vpc-016e444edfc1639ad"
          },
          "sensitive_attributes": [],
          "private": "eyJlMmJmYjczMC1lY2FhLTExZTYtOGY4OC0zNDM2M2JjN2M0YzAiOnsiY3JlYXRlIjo2MDAwMDAwMDAwMDAsImRlbGV0ZSI6MTIwMDAwMDAwMDAwMH0sInNjaGVtYV92ZXJzaW9uIjoiMSJ9",
          "dependencies": [
            "module.vpc.aws_vpc.vpc"
          ]
        }
      ]
    },
    {
      "module": "module.vpc",
      "mode": "managed",
      "type": "aws_vpc",
      "name": "vpc",
      "provider": "provider[\"registry.terraform.io/hashicorp/aws\"]",
      "instances": [
        {
          "schema_version": 1,
          "attributes": {
            "arn": "arn:aws:ec2:eu-central-1:030795981198:vpc/vpc-016e444edfc1639ad",
            "assign_generated_ipv6_cidr_block": false,
            "cidr_block": "10.0.0.0/16",
            "default_network_acl_id": "acl-07ffce58873dd101b",
            "default_route_table_id": "rtb-0f9c7fcebf9070efa",
            "default_security_group_id": "sg-0033a5db03604a4c9",
            "dhcp_options_id": "dopt-020d09f3e23645c77",
            "enable_classiclink": false,
            "enable_classiclink_dns_support": false,
            "enable_dns_hostnames": true,
            "enable_dns_support": true,
            "enable_network_address_usage_metrics": false,
            "id": "vpc-016e444edfc1639ad",
            "instance_tenancy": "default",
            "ipv4_ipam_pool_id": null,
            "ipv4_netmask_length": null,
            "ipv6_association_id": "",
            "ipv6_cidr_block": "",
            "ipv6_cidr_block_network_border_group": "",
            "ipv6_ipam_pool_id": "",
            "ipv6_netmask_length": 0,
            "main_route_table_id": "rtb-0f9c7fcebf9070efa",
            "owner_id": "030795981198",
            "tags": {
              "Name": "smartfind-vpc"
            },
            "tags_all": {
              "Name": "smartfind-vpc"
            }
          },
          "sensitive_attributes": [],
          "private": "eyJzY2hlbWFfdmVyc2lvbiI6IjEifQ=="
        }
      ]
    }
  ],
  "check_results": null
}
